# This file is automatically @generated by Poetry 1.6.1 and should not be changed by hand.

[[package]]
name = "numpy"
version = "1.24.2"
description = "Fundamental package for array computing in Python"
optional = false
python-versions = ">=3.8"
files = [
    {file = "numpy-1.24.2-cp310-cp310-macosx_10_9_x86_64.whl", hash = "sha256:eef70b4fc1e872ebddc38cddacc87c19a3709c0e3e5d20bf3954c147b1dd941d"},
    {file = "numpy-1.24.2-cp310-cp310-macosx_11_0_arm64.whl", hash = "sha256:e8d2859428712785e8a8b7d2b3ef0a1d1565892367b32f915c4a4df44d0e64f5"},
    {file = "numpy-1.24.2-cp310-cp310-manylinux_2_17_aarch64.manylinux2014_aarch64.whl", hash = "sha256:6524630f71631be2dabe0c541e7675db82651eb998496bbe16bc4f77f0772253"},
    {file = "numpy-1.24.2-cp310-cp310-manylinux_2_17_x86_64.manylinux2014_x86_64.whl", hash = "sha256:a51725a815a6188c662fb66fb32077709a9ca38053f0274640293a14fdd22978"},
    {file = "numpy-1.24.2-cp310-cp310-win32.whl", hash = "sha256:2620e8592136e073bd12ee4536149380695fbe9ebeae845b81237f986479ffc9"},
    {file = "numpy-1.24.2-cp310-cp310-win_amd64.whl", hash = "sha256:97cf27e51fa078078c649a51d7ade3c92d9e709ba2bfb97493007103c741f1d0"},
    {file = "numpy-1.24.2-cp311-cp311-macosx_10_9_x86_64.whl", hash = "sha256:7de8fdde0003f4294655aa5d5f0a89c26b9f22c0a58790c38fae1ed392d44a5a"},
    {file = "numpy-1.24.2-cp311-cp311-macosx_11_0_arm64.whl", hash = "sha256:4173bde9fa2a005c2c6e2ea8ac1618e2ed2c1c6ec8a7657237854d42094123a0"},
    {file = "numpy-1.24.2-cp311-cp311-manylinux_2_17_aarch64.manylinux2014_aarch64.whl", hash = "sha256:4cecaed30dc14123020f77b03601559fff3e6cd0c048f8b5289f4eeabb0eb281"},
    {file = "numpy-1.24.2-cp311-cp311-manylinux_2_17_x86_64.manylinux2014_x86_64.whl", hash = "sha256:9a23f8440561a633204a67fb44617ce2a299beecf3295f0d13c495518908e910"},
    {file = "numpy-1.24.2-cp311-cp311-win32.whl", hash = "sha256:e428c4fbfa085f947b536706a2fc349245d7baa8334f0c5723c56a10595f9b95"},
    {file = "numpy-1.24.2-cp311-cp311-win_amd64.whl", hash = "sha256:557d42778a6869c2162deb40ad82612645e21d79e11c1dc62c6e82a2220ffb04"},
    {file = "numpy-1.24.2-cp38-cp38-macosx_10_9_x86_64.whl", hash = "sha256:d0a2db9d20117bf523dde15858398e7c0858aadca7c0f088ac0d6edd360e9ad2"},
    {file = "numpy-1.24.2-cp38-cp38-macosx_11_0_arm64.whl", hash = "sha256:c72a6b2f4af1adfe193f7beb91ddf708ff867a3f977ef2ec53c0ffb8283ab9f5"},
    {file = "numpy-1.24.2-cp38-cp38-manylinux_2_17_aarch64.manylinux2014_aarch64.whl", hash = "sha256:c29e6bd0ec49a44d7690ecb623a8eac5ab8a923bce0bea6293953992edf3a76a"},
    {file = "numpy-1.24.2-cp38-cp38-manylinux_2_17_x86_64.manylinux2014_x86_64.whl", hash = "sha256:2eabd64ddb96a1239791da78fa5f4e1693ae2dadc82a76bc76a14cbb2b966e96"},
    {file = "numpy-1.24.2-cp38-cp38-win32.whl", hash = "sha256:e3ab5d32784e843fc0dd3ab6dcafc67ef806e6b6828dc6af2f689be0eb4d781d"},
    {file = "numpy-1.24.2-cp38-cp38-win_amd64.whl", hash = "sha256:76807b4063f0002c8532cfeac47a3068a69561e9c8715efdad3c642eb27c0756"},
    {file = "numpy-1.24.2-cp39-cp39-macosx_10_9_x86_64.whl", hash = "sha256:4199e7cfc307a778f72d293372736223e39ec9ac096ff0a2e64853b866a8e18a"},
    {file = "numpy-1.24.2-cp39-cp39-macosx_11_0_arm64.whl", hash = "sha256:adbdce121896fd3a17a77ab0b0b5eedf05a9834a18699db6829a64e1dfccca7f"},
    {file = "numpy-1.24.2-cp39-cp39-manylinux_2_17_aarch64.manylinux2014_aarch64.whl", hash = "sha256:889b2cc88b837d86eda1b17008ebeb679d82875022200c6e8e4ce6cf549b7acb"},
    {file = "numpy-1.24.2-cp39-cp39-manylinux_2_17_x86_64.manylinux2014_x86_64.whl", hash = "sha256:f64bb98ac59b3ea3bf74b02f13836eb2e24e48e0ab0145bbda646295769bd780"},
    {file = "numpy-1.24.2-cp39-cp39-win32.whl", hash = "sha256:63e45511ee4d9d976637d11e6c9864eae50e12dc9598f531c035265991910468"},
    {file = "numpy-1.24.2-cp39-cp39-win_amd64.whl", hash = "sha256:a77d3e1163a7770164404607b7ba3967fb49b24782a6ef85d9b5f54126cc39e5"},
    {file = "numpy-1.24.2-pp38-pypy38_pp73-macosx_10_9_x86_64.whl", hash = "sha256:92011118955724465fb6853def593cf397b4a1367495e0b59a7e69d40c4eb71d"},
    {file = "numpy-1.24.2-pp38-pypy38_pp73-manylinux_2_17_x86_64.manylinux2014_x86_64.whl", hash = "sha256:f9006288bcf4895917d02583cf3411f98631275bc67cce355a7f39f8c14338fa"},
    {file = "numpy-1.24.2-pp38-pypy38_pp73-win_amd64.whl", hash = "sha256:150947adbdfeceec4e5926d956a06865c1c690f2fd902efede4ca6fe2e657c3f"},
    {file = "numpy-1.24.2.tar.gz", hash = "sha256:003a9f530e880cb2cd177cba1af7220b9aa42def9c4afc2a2fc3ee6be7eb2b22"},
]

[[package]]
name = "pybase64"
version = "1.3.2"
description = "Fast Base64 encoding/decoding"
optional = false
python-versions = ">=3.6"
files = [
    {file = "pybase64-1.3.2-cp310-cp310-macosx_10_9_x86_64.whl", hash = "sha256:3f89501c77883568612d9133be6684e36d60c098f30f4d5d6844d3130757c961"},
    {file = "pybase64-1.3.2-cp310-cp310-macosx_11_0_arm64.whl", hash = "sha256:1da5c376605397e1ff862ec414151eac183af7bd4843527022739144b302b8a9"},
    {file = "pybase64-1.3.2-cp310-cp310-manylinux_2_17_aarch64.manylinux2014_aarch64.whl", hash = "sha256:cc61af2d33b2103af8507c549932fecb41b25e6d5c2916e0da92532378e3d639"},
    {file = "pybase64-1.3.2-cp310-cp310-manylinux_2_17_ppc64le.manylinux2014_ppc64le.whl", hash = "sha256:2fecde2c7d2bec98f585b57d33a48a54deaeb7dfc01df11e67926d44ddbdb235"},
    {file = "pybase64-1.3.2-cp310-cp310-manylinux_2_17_s390x.manylinux2014_s390x.whl", hash = "sha256:c4436edcff0cad586fd265d469696d1058ae4ec6b56cc96b180e2a8bcb3eab44"},
    {file = "pybase64-1.3.2-cp310-cp310-manylinux_2_5_i686.manylinux1_i686.manylinux_2_17_i686.manylinux2014_i686.whl", hash = "sha256:b9c919d38e70b7047f92210de8571422d7ba9df7fb74e35ae43be6e08c6842c9"},
    {file = "pybase64-1.3.2-cp310-cp310-manylinux_2_5_x86_64.manylinux1_x86_64.manylinux_2_17_x86_64.manylinux2014_x86_64.whl", hash = "sha256:9af3f1700b4bdac7a3dfd3242af14d30b87e21e5940d95430c7ad576c79be101"},
    {file = "pybase64-1.3.2-cp310-cp310-musllinux_1_1_aarch64.whl", hash = "sha256:812f2f8264a7f5e6bbb7605e0df9a2f827cfe2af994b92353bd4183480338104"},
    {file = "pybase64-1.3.2-cp310-cp310-musllinux_1_1_i686.whl", hash = "sha256:fdfbe910e666c6d8b05356668ee6fee8848bfa09fc5d326e58466c30ef8db6c1"},
    {file = "pybase64-1.3.2-cp310-cp310-musllinux_1_1_ppc64le.whl", hash = "sha256:c99ae0e46bd7bec2c66bd1b5a9115911f15935202c55f71d64cd58dede018c52"},
    {file = "pybase64-1.3.2-cp310-cp310-musllinux_1_1_s390x.whl", hash = "sha256:1e52cd080d22960491688b0512d11108da58e8a3e0a28756afef4d201399f932"},
    {file = "pybase64-1.3.2-cp310-cp310-musllinux_1_1_x86_64.whl", hash = "sha256:4ae3659c92447d229fd272a90d215b0b3defe88c16ce5be784c8ecff77b4e2b4"},
    {file = "pybase64-1.3.2-cp310-cp310-win32.whl", hash = "sha256:ca3278ea46f026400bad43bf2780bb69d851b4931c99996f6d3172d30e224694"},
    {file = "pybase64-1.3.2-cp310-cp310-win_amd64.whl", hash = "sha256:06fc379c0bbb03ce12afbcb11c1dd89943dc297d2eb7f38f17da86567c1e2da9"},
    {file = "pybase64-1.3.2-cp310-cp310-win_arm64.whl", hash = "sha256:db8bdddb2aaa57a1dfbb7133d431bd2f5c2f67b3638f0fe28f6c63a5ce52a03d"},
    {file = "pybase64-1.3.2-cp311-cp311-macosx_10_9_x86_64.whl", hash = "sha256:1aef411095a3e53ecb232da05cce23518230bbf40b3b4b633b11b98d0f0c5621"},
    {file = "pybase64-1.3.2-cp311-cp311-macosx_11_0_arm64.whl", hash = "sha256:951a32cb5d280a0ffd50d9dfd74af2d66e9ba6a052200f7b42ab57efd3da4230"},
    {file = "pybase64-1.3.2-cp311-cp311-manylinux_2_17_aarch64.manylinux2014_aarch64.whl", hash = "sha256:21ddd131cf0bbf0ff18138089268fa9e658b205ac9b31cb9fabae6b16b31e2ff"},
    {file = "pybase64-1.3.2-cp311-cp311-manylinux_2_17_ppc64le.manylinux2014_ppc64le.whl", hash = "sha256:31b796e74d691ee75903e38cc6008bfa9163c80814c148b71efb43473ee406ed"},
    {file = "pybase64-1.3.2-cp311-cp311-manylinux_2_17_s390x.manylinux2014_s390x.whl", hash = "sha256:8bf72833e16eae9e44ae46409b9a32a030bb5e26bc5cf4413dc74241cf2e845a"},
    {file = "pybase64-1.3.2-cp311-cp311-manylinux_2_5_i686.manylinux1_i686.manylinux_2_17_i686.manylinux2014_i686.whl", hash = "sha256:227e1b6c31d5306ba2820680b61ba7739fbc92a46ba1c6335d4e9abeff2338da"},
    {file = "pybase64-1.3.2-cp311-cp311-manylinux_2_5_x86_64.manylinux1_x86_64.manylinux_2_17_x86_64.manylinux2014_x86_64.whl", hash = "sha256:19f3a2ade62217ee42e36b43d781589b9e265556191c30b72cf05f3f64aa9f2f"},
    {file = "pybase64-1.3.2-cp311-cp311-musllinux_1_1_aarch64.whl", hash = "sha256:1d67fdb1ef66f154d2d116a1e74fb4f60a3812cc43fd0907dd9fc05526fae763"},
    {file = "pybase64-1.3.2-cp311-cp311-musllinux_1_1_i686.whl", hash = "sha256:bbfa7795782ff5079ddf183ffed6a67ec149a543cb0edf4902f875c31857a8ee"},
    {file = "pybase64-1.3.2-cp311-cp311-musllinux_1_1_ppc64le.whl", hash = "sha256:9ca4bb2efce3de2179adf57dafe2a7f7cf5dcc5361d04f9a2e8c58e93cca6741"},
    {file = "pybase64-1.3.2-cp311-cp311-musllinux_1_1_s390x.whl", hash = "sha256:d5ee9f5e7dabc4921abd8b5408fc6f9f330e9383d62fe69b142c403f3632ecd1"},
    {file = "pybase64-1.3.2-cp311-cp311-musllinux_1_1_x86_64.whl", hash = "sha256:f0ab56e017acaa59de96aa0a8e5f3aab88d3831d873426e003e11d39a91e7a84"},
    {file = "pybase64-1.3.2-cp311-cp311-win32.whl", hash = "sha256:7b6358d0cc13f3d1764cccdce0af563ec6abc79835fa7f25d1b7aa45da6393e4"},
    {file = "pybase64-1.3.2-cp311-cp311-win_amd64.whl", hash = "sha256:98b186d0f3cad2ac164970e3a68a6a46c6b9c5c3f3c4d925f6181883d2a62470"},
    {file = "pybase64-1.3.2-cp311-cp311-win_arm64.whl", hash = "sha256:26f3153652bf4da3f7e634f13d44c4bb48b780551a6abd8f98d54745d3a83404"},
    {file = "pybase64-1.3.2-cp312-cp312-macosx_10_9_x86_64.whl", hash = "sha256:dc7f4628dafb04aa338bf14535e9db3579796f49bdebb03f9250d0a12b1f36cc"},
    {file = "pybase64-1.3.2-cp312-cp312-macosx_11_0_arm64.whl", hash = "sha256:e47bc67434a7e76fac34170f8d6091086acc1807fdad8fdf2069b516d73e9e38"},
    {file = "pybase64-1.3.2-cp312-cp312-manylinux_2_17_aarch64.manylinux2014_aarch64.whl", hash = "sha256:349c3b6705ab7fd1f94c042d03482c66ff819274d3642ee6f7ec6978553da7b3"},
    {file = "pybase64-1.3.2-cp312-cp312-manylinux_2_17_ppc64le.manylinux2014_ppc64le.whl", hash = "sha256:b9d45188090f5af2948baab32624f8da87d569fa27f769b05264554c54be1f49"},
    {file = "pybase64-1.3.2-cp312-cp312-manylinux_2_17_s390x.manylinux2014_s390x.whl", hash = "sha256:fb2d1526fa41631673aa92290195b38015e4dea8fb265a7f9a7bb4d17eb98a8f"},
    {file = "pybase64-1.3.2-cp312-cp312-manylinux_2_5_i686.manylinux1_i686.manylinux_2_17_i686.manylinux2014_i686.whl", hash = "sha256:3f038d3da111399a4246bc3f9c588956bc666e48192281759b9d310c423fcbcb"},
    {file = "pybase64-1.3.2-cp312-cp312-manylinux_2_5_x86_64.manylinux1_x86_64.manylinux_2_17_x86_64.manylinux2014_x86_64.whl", hash = "sha256:a6f34260036cd94b83c450dadb0d9316cdd468dfddd0aadb20837cb7f3e4b3d4"},
    {file = "pybase64-1.3.2-cp312-cp312-musllinux_1_1_aarch64.whl", hash = "sha256:8c1dabbcfbc09d2cd41b02f0c9caaa5afc9282855b4b32451cb03af3fc5ff6ff"},
    {file = "pybase64-1.3.2-cp312-cp312-musllinux_1_1_i686.whl", hash = "sha256:2c07669c87f66a164aba142cd812f1efb84b8bbb616c2cc35a28bd5c66d6414b"},
    {file = "pybase64-1.3.2-cp312-cp312-musllinux_1_1_ppc64le.whl", hash = "sha256:609b5c1fe84251b519e5f7e5c73c25635f4b722243b36f9aefe98a27d8b96938"},
    {file = "pybase64-1.3.2-cp312-cp312-musllinux_1_1_s390x.whl", hash = "sha256:736b0163926b2eb4e592dee7b41f89a29c2d3d0bcf93cb34fa9b84cfff948258"},
    {file = "pybase64-1.3.2-cp312-cp312-musllinux_1_1_x86_64.whl", hash = "sha256:5f6a6b9dbb8257de1aac18c7b25e0d8849f3016a067743124e18de436e930f00"},
    {file = "pybase64-1.3.2-cp312-cp312-win32.whl", hash = "sha256:fbacb2f79e4dabf3abe25c247bea8000360fd0babb5b87579427310d852c8325"},
    {file = "pybase64-1.3.2-cp312-cp312-win_amd64.whl", hash = "sha256:e8aec2d73a622ddf3c532ea860de6aebfaab646a6a6bb6ffeca295de106235e9"},
    {file = "pybase64-1.3.2-cp312-cp312-win_arm64.whl", hash = "sha256:9cd58fc35b81ccf647ae2d570fc957182b3a3b3f9b48b1f1d6d97e8cebd4c8d6"},
    {file = "pybase64-1.3.2-cp36-cp36m-macosx_10_9_x86_64.whl", hash = "sha256:7a919d5129a543033a40cce7c4d26760953bb0108c1550b99961d7497131c60f"},
    {file = "pybase64-1.3.2-cp36-cp36m-manylinux_2_17_aarch64.manylinux2014_aarch64.whl", hash = "sha256:88ca827cc2fca05b22e61bfebbe5ba85e9fb5d4ce5c376ad630a52b30bf20456"},
    {file = "pybase64-1.3.2-cp36-cp36m-manylinux_2_17_ppc64le.manylinux2014_ppc64le.whl", hash = "sha256:28e3ec4f74042352a85efb3c19ed9b115ff968bd16cc916a7fd70e6ae99cf67d"},
    {file = "pybase64-1.3.2-cp36-cp36m-manylinux_2_17_s390x.manylinux2014_s390x.whl", hash = "sha256:76662aa43a7a3d8ae2d51779c5a223fbaa4fa07925dead4c234316fc938084c2"},
    {file = "pybase64-1.3.2-cp36-cp36m-manylinux_2_5_i686.manylinux1_i686.manylinux_2_17_i686.manylinux2014_i686.whl", hash = "sha256:b95141be248c37a055deac1730d41f2a1715d41355a330b44738b2e4d3de28b8"},
    {file = "pybase64-1.3.2-cp36-cp36m-manylinux_2_5_x86_64.manylinux1_x86_64.manylinux_2_17_x86_64.manylinux2014_x86_64.whl", hash = "sha256:48f778c3bf3080d4a6230cd65eb06f0c0d3e05bb587fa7910db60e99815958a4"},
    {file = "pybase64-1.3.2-cp36-cp36m-musllinux_1_1_aarch64.whl", hash = "sha256:fde83acf303fe3a73f6ef4841866211c4ec7b4dc94b7439e1079089896efe8e0"},
    {file = "pybase64-1.3.2-cp36-cp36m-musllinux_1_1_i686.whl", hash = "sha256:4f8c20fb576bc9b54b547da8b3ce26e43e2447983d67197e13bc21e6874ed8ef"},
    {file = "pybase64-1.3.2-cp36-cp36m-musllinux_1_1_ppc64le.whl", hash = "sha256:c0c8be6e23c28f98ec5d8f35a638676f983129651a37dc08c676e8edd7f2cf20"},
    {file = "pybase64-1.3.2-cp36-cp36m-musllinux_1_1_s390x.whl", hash = "sha256:e0f65f6d682d72316d877c86b677793abaa65b391a3692767a077faced4b7802"},
    {file = "pybase64-1.3.2-cp36-cp36m-musllinux_1_1_x86_64.whl", hash = "sha256:4876c26f59c1ed4e1d63f947cefd5536a3511f74bc3c85afeaf81f75bcd21ff3"},
    {file = "pybase64-1.3.2-cp36-cp36m-win32.whl", hash = "sha256:a52a28b1f7b1f8a28c960637ec5c6e7fd90dadd5958b6c52632db704b6fa01a3"},
    {file = "pybase64-1.3.2-cp36-cp36m-win_amd64.whl", hash = "sha256:9ef6f22fc4223c8fd92cce2bf2d5fb4e26940319dec28ed5ac0e525076df2068"},
    {file = "pybase64-1.3.2-cp37-cp37m-macosx_10_9_x86_64.whl", hash = "sha256:e19c6fe8ce448402137e8906bb4b4ec193a3152bd492e9bb2889b2ac705e8a17"},
    {file = "pybase64-1.3.2-cp37-cp37m-manylinux_2_17_aarch64.manylinux2014_aarch64.whl", hash = "sha256:0f07fb1f4884acc86272d7fe93f0475c85632d38806e03c69a03188b4367edec"},
    {file = "pybase64-1.3.2-cp37-cp37m-manylinux_2_17_ppc64le.manylinux2014_ppc64le.whl", hash = "sha256:bc6a436a0cb2e8e78c92d1a98b2cb37bccb05bdf62225c0a1cda482ffa33a71a"},
    {file = "pybase64-1.3.2-cp37-cp37m-manylinux_2_17_s390x.manylinux2014_s390x.whl", hash = "sha256:bb7420858e1c0608b895910495c664ac586dadef22cec5a2194e71a8917ec92e"},
    {file = "pybase64-1.3.2-cp37-cp37m-manylinux_2_5_i686.manylinux1_i686.manylinux_2_17_i686.manylinux2014_i686.whl", hash = "sha256:085f0d8b7e593f5374f32483e5dcf543715a9a9fc1ea310f8d2ed664dabf7cdb"},
    {file = "pybase64-1.3.2-cp37-cp37m-manylinux_2_5_x86_64.manylinux1_x86_64.manylinux_2_17_x86_64.manylinux2014_x86_64.whl", hash = "sha256:894415376efe88f9a22d45b6bfc06d9d594daac76c2acab3655afe3225987d37"},
    {file = "pybase64-1.3.2-cp37-cp37m-musllinux_1_1_aarch64.whl", hash = "sha256:0784181bf9368842ae9ff12c68c452e9ed6aeadb459b8e675201f4e4ba2444ff"},
    {file = "pybase64-1.3.2-cp37-cp37m-musllinux_1_1_i686.whl", hash = "sha256:755377cf87e76d7b48d7ff8d5814e114e9f153f22ae2636b5a875189824cf4ff"},
    {file = "pybase64-1.3.2-cp37-cp37m-musllinux_1_1_ppc64le.whl", hash = "sha256:1f65c78b257beda1579d01836b27a89bc2f526b047998d328f010ecd078b73ee"},
    {file = "pybase64-1.3.2-cp37-cp37m-musllinux_1_1_s390x.whl", hash = "sha256:0a0dcd173c7d4d1e971c94e15a246a4445955b0686e1488e78d18c05d3b71d9a"},
    {file = "pybase64-1.3.2-cp37-cp37m-musllinux_1_1_x86_64.whl", hash = "sha256:059d326412e5dbd786065dc525dbc53fc24656b3327de7ab70af41d432561a2f"},
    {file = "pybase64-1.3.2-cp37-cp37m-win32.whl", hash = "sha256:0b5f570f0d52a4d21c1adc762552a4aa0f9e8bc92f9ecd6b6b69c833eedfe8b9"},
    {file = "pybase64-1.3.2-cp37-cp37m-win_amd64.whl", hash = "sha256:025b613650939d618a4aef5473137bacc3346a71ed82e947551816e2bb06987f"},
    {file = "pybase64-1.3.2-cp38-cp38-macosx_10_9_x86_64.whl", hash = "sha256:1e427957de7428446820a227bf483a3bca0351473e9ff3bbd831fca95f814a35"},
    {file = "pybase64-1.3.2-cp38-cp38-macosx_11_0_arm64.whl", hash = "sha256:28591a028683dec543b5e9573ecad97ff72aa74c94b0ec62d0ee9c82cda8fa38"},
    {file = "pybase64-1.3.2-cp38-cp38-manylinux_2_17_aarch64.manylinux2014_aarch64.whl", hash = "sha256:06d919d1279825e757a53b80396306c54c2512cf3169567746c7768fb68b7cee"},
    {file = "pybase64-1.3.2-cp38-cp38-manylinux_2_17_ppc64le.manylinux2014_ppc64le.whl", hash = "sha256:879a41a64713068bfad2d6bc7c522b8f697527446658df97d061e79e5bb3c45c"},
    {file = "pybase64-1.3.2-cp38-cp38-manylinux_2_17_s390x.manylinux2014_s390x.whl", hash = "sha256:c7f7b2f072c8c7ab63c61e7a35f0685fb460600df820b950f2b690b1d4647ee6"},
    {file = "pybase64-1.3.2-cp38-cp38-manylinux_2_5_i686.manylinux1_i686.manylinux_2_17_i686.manylinux2014_i686.whl", hash = "sha256:5126e7f0d53ce17e004439e928b3a4212a11f31d91b03c56408d2b385570eada"},
    {file = "pybase64-1.3.2-cp38-cp38-manylinux_2_5_x86_64.manylinux1_x86_64.manylinux_2_17_x86_64.manylinux2014_x86_64.whl", hash = "sha256:f906b295210d5f6bc8cfe87445e92bc1a290d2b89bff1a74069e3a412eb7602a"},
    {file = "pybase64-1.3.2-cp38-cp38-musllinux_1_1_aarch64.whl", hash = "sha256:cdd036423e0cd121eee3b5b7ea9e52413409c64537bd5f94bdfa615583229ea3"},
    {file = "pybase64-1.3.2-cp38-cp38-musllinux_1_1_i686.whl", hash = "sha256:af4688d8554b7b0f20e3cd4cb167eab62d2b8886683f26b634301ac259b6c1f4"},
    {file = "pybase64-1.3.2-cp38-cp38-musllinux_1_1_ppc64le.whl", hash = "sha256:7bc5fc155935fd0d204bed726507aa04f7ef49885a79b93c347037c437fa45a3"},
    {file = "pybase64-1.3.2-cp38-cp38-musllinux_1_1_s390x.whl", hash = "sha256:9bc5f4866a6b9940bd10a5a1f8be139bb46728b40c48c5af8dd590eb170e8fb1"},
    {file = "pybase64-1.3.2-cp38-cp38-musllinux_1_1_x86_64.whl", hash = "sha256:c1ec8154e6e867b2c2a6de9abbe50115d7c2d426d69e7791e1f4337270304497"},
    {file = "pybase64-1.3.2-cp38-cp38-win32.whl", hash = "sha256:651c4e07c507f7756179aa75de3b1b802346a195fa40991c75ced57da45ba761"},
    {file = "pybase64-1.3.2-cp38-cp38-win_amd64.whl", hash = "sha256:11b4971af5aa3926115cdacc7e837d018c6cc9b6cfe0b93c839c29a0af5be2b2"},
    {file = "pybase64-1.3.2-cp39-cp39-macosx_10_9_x86_64.whl", hash = "sha256:0bf75f63bc16b68152ac31b552a09313dc54c2dca171a7a8c27f4505a8e91104"},
    {file = "pybase64-1.3.2-cp39-cp39-macosx_11_0_arm64.whl", hash = "sha256:81cd93debccda870834adadca7c7923bd5c276e1ef544cf62ee9a5d1c4045f68"},
    {file = "pybase64-1.3.2-cp39-cp39-manylinux_2_17_aarch64.manylinux2014_aarch64.whl", hash = "sha256:2758adcbebd18fefb325a2c2caa6698a9ede6dee3dd97439cc17e9354bceb8bb"},
    {file = "pybase64-1.3.2-cp39-cp39-manylinux_2_17_ppc64le.manylinux2014_ppc64le.whl", hash = "sha256:f9d3f645c7c74321273a5851504fab90fbee9e013b1069d066c8aec2613ce4f6"},
    {file = "pybase64-1.3.2-cp39-cp39-manylinux_2_17_s390x.manylinux2014_s390x.whl", hash = "sha256:cc0fe1a2a54958ff268d04582b0b942208c7ce020e81f581625b5a0281a0da29"},
    {file = "pybase64-1.3.2-cp39-cp39-manylinux_2_5_i686.manylinux1_i686.manylinux_2_17_i686.manylinux2014_i686.whl", hash = "sha256:9622442f217bd2ec12d4188eb942a3210b0a5bdb9e295e252cca099a703001ce"},
    {file = "pybase64-1.3.2-cp39-cp39-manylinux_2_5_x86_64.manylinux1_x86_64.manylinux_2_17_x86_64.manylinux2014_x86_64.whl", hash = "sha256:11114b6b3c7f4d6668b20b473fae88a92214389a86bda3c98914c8a2fa376556"},
    {file = "pybase64-1.3.2-cp39-cp39-musllinux_1_1_aarch64.whl", hash = "sha256:a19312ced969d8f7b712ed3201fcf803eefdf882891977037596391ab11da26b"},
    {file = "pybase64-1.3.2-cp39-cp39-musllinux_1_1_i686.whl", hash = "sha256:e0a8518e6b01aa89a274b7a833cde079ace40c16cdd9573a7dfa6166f904a3fb"},
    {file = "pybase64-1.3.2-cp39-cp39-musllinux_1_1_ppc64le.whl", hash = "sha256:47afc5ae22fef448142db84f0cf631fe9f86160055f018f9002f816a3b63ef15"},
    {file = "pybase64-1.3.2-cp39-cp39-musllinux_1_1_s390x.whl", hash = "sha256:41a177b58e3b2dbb93fe03c6aa14798142e1cd16ae0257cb844c44e42cd25144"},
    {file = "pybase64-1.3.2-cp39-cp39-musllinux_1_1_x86_64.whl", hash = "sha256:6f3188bfa49e4bd27a7bf120d17da891ad4d190be44e45aca0abb95c4b7ab656"},
    {file = "pybase64-1.3.2-cp39-cp39-win32.whl", hash = "sha256:f0190a9b9e30aa448221fb6ca6c9a4359b28ffe769c4a8c08c1d2457e04093c8"},
    {file = "pybase64-1.3.2-cp39-cp39-win_amd64.whl", hash = "sha256:9499f665dcc86713332e5759b1552d141b6d4770da4206094b869eb7c001337c"},
    {file = "pybase64-1.3.2-cp39-cp39-win_arm64.whl", hash = "sha256:15b844e29b6bb08949ffb07021383e3182e6651436708130d1d528e42aeacab5"},
    {file = "pybase64-1.3.2-pp310-pypy310_pp73-macosx_10_9_x86_64.whl", hash = "sha256:b9f7e26e2c5c4c73755a6cd13979cba0fcfa8efcefa68d5baf6766cd86de200f"},
    {file = "pybase64-1.3.2-pp310-pypy310_pp73-manylinux_2_17_aarch64.manylinux2014_aarch64.whl", hash = "sha256:f2be5ec28edf2ba01fd12b1d04ff4c06208bf2a0eb81812db4966eef83bb2d68"},
    {file = "pybase64-1.3.2-pp310-pypy310_pp73-manylinux_2_5_i686.manylinux1_i686.manylinux_2_17_i686.manylinux2014_i686.whl", hash = "sha256:bbd9419835e8723691c536ca17c5b4f928837a709ca8abb8a25ab5667ae7f081"},
    {file = "pybase64-1.3.2-pp310-pypy310_pp73-manylinux_2_5_x86_64.manylinux1_x86_64.manylinux_2_17_x86_64.manylinux2014_x86_64.whl", hash = "sha256:d23b6ccbb5244bd853a33428dd9b1e37e187c51ccc98e5a54b202c8ecd9a0780"},
    {file = "pybase64-1.3.2-pp310-pypy310_pp73-win_amd64.whl", hash = "sha256:7f5c52598f4cb2c45f15cba9c823f3af469408837dea2cb105b53a0cce862b0b"},
    {file = "pybase64-1.3.2-pp37-pypy37_pp73-macosx_10_9_x86_64.whl", hash = "sha256:72d7044ea0137a9f8936b65f40817490fc2dab34fa7715f60034f8fca556748d"},
    {file = "pybase64-1.3.2-pp37-pypy37_pp73-manylinux_2_17_aarch64.manylinux2014_aarch64.whl", hash = "sha256:fea73a50e8f236aa60cb87ccb5a85778e64db8bc7446c3f89226dd79ed23894f"},
    {file = "pybase64-1.3.2-pp37-pypy37_pp73-manylinux_2_5_i686.manylinux1_i686.manylinux_2_17_i686.manylinux2014_i686.whl", hash = "sha256:5ba5ab04d84db9963610bcada4a46bf654b12ea7934795c2781667c1694ae60d"},
    {file = "pybase64-1.3.2-pp37-pypy37_pp73-manylinux_2_5_x86_64.manylinux1_x86_64.manylinux_2_17_x86_64.manylinux2014_x86_64.whl", hash = "sha256:d4f5974ada99be1f0222e0e17f5584df07a8ccd8b025b739ae66006127718bb1"},
    {file = "pybase64-1.3.2-pp37-pypy37_pp73-win_amd64.whl", hash = "sha256:48292d202b134ec320e6ec2212199f8a5ea3b58ae83cba2b30201040e7733904"},
    {file = "pybase64-1.3.2-pp38-pypy38_pp73-macosx_10_9_x86_64.whl", hash = "sha256:03b1d733116cf6f77ad7c3b286b793ed0fbb8363d2e4a031bd3d120dcbdbe9c7"},
    {file = "pybase64-1.3.2-pp38-pypy38_pp73-manylinux_2_17_aarch64.manylinux2014_aarch64.whl", hash = "sha256:f109a6aba9c235406f994d80083f5680a81b52358102751c23b8f2e1da57b231"},
    {file = "pybase64-1.3.2-pp38-pypy38_pp73-manylinux_2_5_i686.manylinux1_i686.manylinux_2_17_i686.manylinux2014_i686.whl", hash = "sha256:915c4eb35bc339f100749856eac74a145639ea7c2bb7b83e5a14d4ef70c6af7a"},
    {file = "pybase64-1.3.2-pp38-pypy38_pp73-manylinux_2_5_x86_64.manylinux1_x86_64.manylinux_2_17_x86_64.manylinux2014_x86_64.whl", hash = "sha256:71b65b78197ed6bc009cb84418a484ecc568dafc9329d4bac90b8eff21ca8cb4"},
    {file = "pybase64-1.3.2-pp38-pypy38_pp73-win_amd64.whl", hash = "sha256:33f11c42ce14fbb2eeb41b76b6f4f7acfdd970c16a609ae0a26fa283761f06f3"},
    {file = "pybase64-1.3.2-pp39-pypy39_pp73-macosx_10_9_x86_64.whl", hash = "sha256:91da83c784f86254eb05c1aa134b91952f90c82e336bbbc54d59d15af8023f1f"},
    {file = "pybase64-1.3.2-pp39-pypy39_pp73-manylinux_2_17_aarch64.manylinux2014_aarch64.whl", hash = "sha256:0b54d33adca9e96408dc8ecabf7f880bb86ce15c7e2e00e3919e8b45e6e0ec07"},
    {file = "pybase64-1.3.2-pp39-pypy39_pp73-manylinux_2_5_i686.manylinux1_i686.manylinux_2_17_i686.manylinux2014_i686.whl", hash = "sha256:bac1442c9c4de1c4d977adaa67a2410838fa8c3150149f32b0596731e0b7babb"},
    {file = "pybase64-1.3.2-pp39-pypy39_pp73-manylinux_2_5_x86_64.manylinux1_x86_64.manylinux_2_17_x86_64.manylinux2014_x86_64.whl", hash = "sha256:266466931e324706eee0c3a12d032ae8b80d1b3895e17686c41176755c7c3684"},
    {file = "pybase64-1.3.2-pp39-pypy39_pp73-win_amd64.whl", hash = "sha256:1b722174c06c204dff14852f3a968ee448698cf9af0c0c31a5d15343ccb19ef3"},
    {file = "pybase64-1.3.2.tar.gz", hash = "sha256:32ef993c55821dac9abd767ee4656a5013b2ed8bf1125cabbae7e84d2b991038"},
]

[[package]]
name = "ros2-numpy"
version = "0.0.4"
description = "Convert ROS2 messages to and from numpy arrays"
optional = false
python-versions = ">=3.10"
files = [
    {file = "ros2_numpy-0.0.4-py3-none-any.whl", hash = "sha256:29bddf902231eac560659408649a9ed4a8925926daa7346f7a50584d020bb658"},
    {file = "ros2_numpy-0.0.4.tar.gz", hash = "sha256:752aaae7a42a8ad7e2e8ff687bfd131207f16cc634e9d5d279b8ad1e54ca4595"},
]

[package.dependencies]
numpy = "1.24.2"
pybase64 = "*"
transformations = "*"

[[package]]
name = "transformations"
version = "2024.5.24"
description = "Homogeneous Transformation Matrices and Quaternions"
optional = false
python-versions = ">=3.9"
files = [
    {file = "transformations-2024.5.24-cp310-cp310-macosx_10_9_x86_64.whl", hash = "sha256:b538ec7fc815c4ab6f427e339eb1a4eddd46860fff306f8f7c6eb80167d08d28"},
    {file = "transformations-2024.5.24-cp310-cp310-macosx_11_0_arm64.whl", hash = "sha256:0c3c6b07e1d0d9714f3ccd163785845ff780df26ab094ed125b11d0922c4fee7"},
    {file = "transformations-2024.5.24-cp310-cp310-manylinux_2_17_x86_64.manylinux2014_x86_64.whl", hash = "sha256:cc36351fed3d7bc2d413bab358828870f02a41d71723033032d08e2e75361892"},
    {file = "transformations-2024.5.24-cp310-cp310-win32.whl", hash = "sha256:5ddcec2e35a05a3f81a318c4d7184a4c347b85030cdbc36fdad92c7eb2ba70d4"},
    {file = "transformations-2024.5.24-cp310-cp310-win_amd64.whl", hash = "sha256:c599f0140f18f590c50992f5011593ce08e4b893ff26fde4bf7bf5e0db1d9c60"},
    {file = "transformations-2024.5.24-cp311-cp311-macosx_10_9_x86_64.whl", hash = "sha256:1290cdcb65067809cd8dd4b3c3ab552fb6b50e99c015c1678618de2b67913b72"},
    {file = "transformations-2024.5.24-cp311-cp311-macosx_11_0_arm64.whl", hash = "sha256:575d0b5d8c2c92931da46fc55568f17f7b306334ba25fa6091ac5708808bfbfc"},
    {file = "transformations-2024.5.24-cp311-cp311-manylinux_2_17_x86_64.manylinux2014_x86_64.whl", hash = "sha256:fba5109b455836829ce6476ba53c16f6e72187340084d004dcfac9bf11a2bfd7"},
    {file = "transformations-2024.5.24-cp311-cp311-win32.whl", hash = "sha256:c76e772b77d4665440dac82b36485565e0e0d4ef3679b48ef4449b73935e44fb"},
    {file = "transformations-2024.5.24-cp311-cp311-win_amd64.whl", hash = "sha256:22fd2283b4aa51609ce3d6929add2fef656f049c5cfa291cc6abfdae2a329f7f"},
    {file = "transformations-2024.5.24-cp311-cp311-win_arm64.whl", hash = "sha256:be69c3055aa341db7bd231d979ebaae1e64417246a6792c1d03631193edde442"},
    {file = "transformations-2024.5.24-cp312-cp312-macosx_10_9_x86_64.whl", hash = "sha256:cf0a5f141dcf84a7b5efb27747c2b852d1f9cc8d621d3bdc17fb2f9ac37eaee3"},
    {file = "transformations-2024.5.24-cp312-cp312-macosx_11_0_arm64.whl", hash = "sha256:a655966a893ade762f12946c02e3ffa5cd826cf0866e9587e46f812d494ad56e"},
    {file = "transformations-2024.5.24-cp312-cp312-manylinux_2_17_x86_64.manylinux2014_x86_64.whl", hash = "sha256:2f87541e8bb87337b8bc1839188d07ad922124f23ce1eca1ce4c6f5bcf5f1e4f"},
    {file = "transformations-2024.5.24-cp312-cp312-win32.whl", hash = "sha256:f713ac891a46abfd98158c8a72166a1f92ebaba1644dc8aa59b5357391d6d9e0"},
    {file = "transformations-2024.5.24-cp312-cp312-win_amd64.whl", hash = "sha256:d81ed1df5dbdd204cd447728cc5b44d4bf1ccd4af5401ee61032477f5de5788b"},
    {file = "transformations-2024.5.24-cp312-cp312-win_arm64.whl", hash = "sha256:bbb74d4701be2fc7852c80493e2b92cd52485d4712ce8bfc03c92fb7bdd365c5"},
    {file = "transformations-2024.5.24-cp39-cp39-macosx_10_9_x86_64.whl", hash = "sha256:d70a175f7baff6cc70236f74d51c5adb14a3cc3d89fc2e108c1f086f9a834e88"},
    {file = "transformations-2024.5.24-cp39-cp39-macosx_11_0_arm64.whl", hash = "sha256:29f4ebee83c2fb6857f7dbb15917e39bc6bed1f309179452a0dfeda37e2d4d0d"},
    {file = "transformations-2024.5.24-cp39-cp39-manylinux_2_17_x86_64.manylinux2014_x86_64.whl", hash = "sha256:00b20a57cfe4b5f5fadf957bff68c40a86437f85e75b2ed655b87beb45d62940"},
    {file = "transformations-2024.5.24-cp39-cp39-win32.whl", hash = "sha256:873a7d09a428ccf0156949b1541eae93ee954771c7b431e7d15a79ab2c32d5e4"},
    {file = "transformations-2024.5.24-cp39-cp39-win_amd64.whl", hash = "sha256:dda37a7683acb10068c491b6d33bdbdbfb1a1ea4a3291639b23ee4a0af42138c"},
    {file = "transformations-2024.5.24.tar.gz", hash = "sha256:960328ce2f5e1dad8025b1b82c8588afbc57644c609899c5b9508af965cd7bc0"},
]

[package.dependencies]
numpy = "*"

[metadata]
lock-version = "2.0"
python-versions = "^3.10"
content-hash = "6a9718a8ab4a17e7cbf0e77cfe41505cae1c3d75ad948f4f750b63b8bf3b6cfe"
